#MicroXplorer Configuration settings - do not modify
Mcu.Family=STM32F4
ProjectManager.MainLocation=Src
VP_TIM5_VS_ClockSourceINT.Mode=Internal
PA6.Mode=Full_Duplex_Master
SPI2.VirtualNSS=VM_NSSHARD
RCC.CortexFreq_Value=60000000
ProjectManager.KeepUserCode=true
Mcu.UserName=STM32F401CEUx
SPI1.VirtualType=VM_MASTER
SPI2.VirtualType=VM_MASTER
VP_TIM5_VS_ClockSourceINT.Signal=TIM5_VS_ClockSourceINT
RCC.PLLCLKFreq_Value=60000000
RCC.PLLQCLKFreq_Value=48000000
ProjectManager.functionlistsort=1-MX_GPIO_Init-GPIO-false-HAL-true,2-SystemClock_Config-RCC-false-HAL-true,3-MX_I2C1_Init-I2C1-false-HAL-true,4-MX_I2C3_Init-I2C3-false-HAL-true,5-MX_SPI1_Init-SPI1-false-HAL-true,6-MX_SPI2_Init-SPI2-false-HAL-true,7-MX_TIM2_Init-TIM2-false-HAL-true,8-MX_TIM5_Init-TIM5-false-HAL-true
SH.S_TIM5_CH2.0=TIM5_CH2,PWM Generation2 CH2
RCC.RTCFreq_Value=32000
PB13.Signal=SPI2_SCK
PB15.Signal=SPI2_MOSI
PinOutPanel.RotationAngle=0
RCC.SYSCLKSource=RCC_SYSCLKSOURCE_PLLCLK
ProjectManager.StackSize=0x400
Mcu.IP4=SPI1
RCC.FCLKCortexFreq_Value=60000000
Mcu.IP5=SPI2
Mcu.IP2=NVIC
NVIC.SVCall_IRQn=true\:0\:0\:false\:false\:true\:false\:false
Mcu.IP3=RCC
Mcu.IP0=I2C1
Mcu.IP1=I2C3
Mcu.UserConstants=
PH0\ -\ OSC_IN.Signal=RCC_OSC_IN
PA4.Mode=NSS_Signal_Hard_Output
Mcu.ThirdPartyNb=0
SPI1.Direction=SPI_DIRECTION_2LINES
RCC.HCLKFreq_Value=60000000
Mcu.IPNb=9
RCC.I2SClocksFreq_Value=160000000
TIM2.IPParameters=Channel-PWM Generation3 CH3,Channel-PWM Generation1 CH1
ProjectManager.PreviousToolchain=
RCC.APB2TimFreq_Value=60000000
RCC.VcooutputI2S=160000000
Mcu.Pin6=PA6
VP_TIM2_VS_ClockSourceINT.Signal=TIM2_VS_ClockSourceINT
Mcu.Pin7=PA7
Mcu.Pin8=PB0
Mcu.Pin9=PB1
RCC.AHBFreq_Value=60000000
PB13.Locked=true
Mcu.Pin0=PH0 - OSC_IN
Mcu.Pin1=PH1 - OSC_OUT
GPIO.groupedBy=
Mcu.Pin2=PA0-WKUP
Mcu.Pin3=PA1
Mcu.Pin4=PA4
Mcu.Pin5=PA5
ProjectManager.ProjectBuild=false
NVIC.TIM1_TRG_COM_TIM11_IRQn=true\:0\:0\:false\:false\:true\:false\:true
RCC.HSE_VALUE=25000000
NVIC.UsageFault_IRQn=true\:0\:0\:false\:false\:true\:false\:false
NVIC.DebugMonitor_IRQn=true\:0\:0\:false\:false\:true\:false\:false
PB2.Signal=GPIO_Output
NVIC.SysTick_IRQn=true\:0\:0\:false\:false\:true\:false\:true
ProjectManager.FirmwarePackage=STM32Cube FW_F4 V1.25.2
MxDb.Version=DB.6.0.10
PB4.Mode=I2C
ProjectManager.BackupPrevious=false
RCC.VCOInputFreq_Value=1666666.6666666667
PA14.Mode=Serial_Wire
PB14.Mode=Full_Duplex_Master
File.Version=6
PB7.Signal=GPIO_Input
PA8.Signal=I2C3_SCL
SPI1.VirtualNSS=VM_NSSHARD
TIM2.Channel-PWM\ Generation1\ CH1=TIM_CHANNEL_1
NVIC.PendSV_IRQn=true\:0\:0\:false\:false\:true\:false\:false
SH.S_TIM5_CH2.ConfNb=1
ProjectManager.HalAssertFull=false
PB0.Locked=true
ProjectManager.ProjectName=stm32cube
Mcu.Package=UFQFPN48
PB9.Signal=I2C1_SDA
PA6.Signal=SPI1_MISO
PB1.Signal=GPIO_Output
PB12.Mode=NSS_Signal_Hard_Output
NVIC.TimeBase=TIM1_TRG_COM_TIM11_IRQn
SPI2.Mode=SPI_MODE_MASTER
ProjectManager.ToolChainLocation=
RCC.LSI_VALUE=32000
NVIC.TimeBaseIP=TIM11
PA10.Signal=GPIO_Output
RCC.APB1TimFreq_Value=60000000
NVIC.BusFault_IRQn=true\:0\:0\:false\:false\:true\:false\:false
SPI2.Direction=SPI_DIRECTION_2LINES
PB13.Mode=Full_Duplex_Master
ProjectManager.CustomerFirmwarePackage=
PB4.Signal=I2C3_SDA
PA5.Mode=Full_Duplex_Master
RCC.PLLSourceVirtual=RCC_PLLSOURCE_HSE
ProjectManager.ProjectFileName=stm32cube.ioc
PA7.Mode=Full_Duplex_Master
TIM5.IPParameters=Channel-PWM Generation2 CH2
Mcu.PinsNb=28
ProjectManager.NoMain=true
SPI1.IPParameters=VirtualType,Mode,Direction,VirtualNSS
PH1\ -\ OSC_OUT.Mode=HSE-External-Clock-Source
ProjectManager.DefaultFWLocation=true
ProjectManager.DeletePrevious=true
RCC.APB1CLKDivider=RCC_HCLK_DIV2
SH.S_TIM2_CH1_ETR.ConfNb=1
PA0-WKUP.Signal=S_TIM2_CH1_ETR
PA13.Signal=SYS_JTMS-SWDIO
PH0\ -\ OSC_IN.Mode=HSE-External-Clock-Source
ProjectManager.TargetToolchain=Makefile
PB9.Mode=I2C
PB5.Locked=true
SPI2.IPParameters=VirtualType,Mode,Direction,VirtualNSS
ProjectManager.RegisterCallBack=
RCC.LSE_VALUE=32768
PA1.Signal=S_TIM5_CH2
PB1.Locked=true
PB10.Signal=S_TIM2_CH3
RCC.VCOI2SOutputFreq_Value=320000000
PB14.Signal=SPI2_MISO
PA5.Signal=SPI1_SCK
PH1\ -\ OSC_OUT.Signal=RCC_OSC_OUT
board=custom
RCC.VCOOutputFreq_Value=240000000
ProjectManager.LastFirmware=true
PB15.Mode=Full_Duplex_Master
VP_SYS_VS_tim11.Signal=SYS_VS_tim11
RCC.APB2Freq_Value=60000000
MxCube.Version=6.1.1
VP_TIM2_VS_ClockSourceINT.Mode=Internal
SH.S_TIM2_CH3.0=TIM2_CH3,PWM Generation3 CH3
SPI1.Mode=SPI_MODE_MASTER
TIM2.Channel-PWM\ Generation3\ CH3=TIM_CHANNEL_3
NVIC.NonMaskableInt_IRQn=true\:0\:0\:false\:false\:true\:false\:false
SH.S_TIM2_CH3.ConfNb=1
PA13.Mode=Serial_Wire
ProjectManager.FreePins=false
RCC.IPParameters=48MHZClocksFreq_Value,AHBFreq_Value,APB1CLKDivider,APB1Freq_Value,APB1TimFreq_Value,APB2Freq_Value,APB2TimFreq_Value,CortexFreq_Value,FCLKCortexFreq_Value,HCLKFreq_Value,HSE_VALUE,HSI_VALUE,I2SClocksFreq_Value,LSE_VALUE,LSI_VALUE,PLLCLKFreq_Value,PLLM,PLLN,PLLP,PLLQ,PLLQCLKFreq_Value,PLLSourceVirtual,RTCFreq_Value,RTCHSEDivFreq_Value,SYSCLKFreq_VALUE,SYSCLKSource,VCOI2SOutputFreq_Value,VCOInputFreq_Value,VCOOutputFreq_Value,VcooutputI2S
ProjectManager.AskForMigrate=true
Mcu.Name=STM32F401C(D-E)Ux
VP_SYS_VS_tim11.Mode=TIM11
Mcu.Pin26=VP_TIM2_VS_ClockSourceINT
Mcu.Pin27=VP_TIM5_VS_ClockSourceINT
RCC.RTCHSEDivFreq_Value=12500000
Mcu.Pin24=PB9
ProjectManager.UnderRoot=false
Mcu.Pin25=VP_SYS_VS_tim11
PB2.Locked=true
Mcu.IP8=TIM5
Mcu.IP6=SYS
Mcu.IP7=TIM2
ProjectManager.CoupleFile=true
RCC.48MHZClocksFreq_Value=48000000
TIM5.Channel-PWM\ Generation2\ CH2=TIM_CHANNEL_2
PA4.Signal=SPI1_NSS
RCC.SYSCLKFreq_VALUE=60000000
Mcu.Pin22=PB7
PB5.Signal=GPIO_Input
Mcu.Pin23=PB8
Mcu.Pin20=PB4
Mcu.Pin21=PB5
PA10.Locked=true
NVIC.ForceEnableDMAVector=true
KeepUserPlacement=false
NVIC.MemoryManagement_IRQn=true\:0\:0\:false\:false\:true\:false\:false
ProjectManager.CompilerOptimize=6
SH.S_TIM2_CH1_ETR.0=TIM2_CH1,PWM Generation1 CH1
PA14.Signal=SYS_JTCK-SWCLK
ProjectManager.HeapSize=0x200
Mcu.Pin15=PB15
NVIC.HardFault_IRQn=true\:0\:0\:false\:false\:true\:false\:false
Mcu.Pin16=PA8
Mcu.Pin13=PB13
Mcu.Pin14=PB14
Mcu.Pin19=PA14
ProjectManager.ComputerToolchain=false
Mcu.Pin17=PA10
RCC.HSI_VALUE=16000000
Mcu.Pin18=PA13
RCC.PLLP=RCC_PLLP_DIV4
RCC.PLLQ=5
NVIC.PriorityGroup=NVIC_PRIORITYGROUP_4
Mcu.Pin11=PB10
Mcu.Pin12=PB12
RCC.PLLM=15
PB8.Mode=I2C
RCC.PLLN=144
Mcu.Pin10=PB2
PB7.Locked=true
PB8.Signal=I2C1_SCL
PA8.Mode=I2C
RCC.APB1Freq_Value=30000000
PB0.Signal=GPIO_Output
ProjectManager.DeviceId=STM32F401CEUx
PB12.Signal=SPI2_NSS
ProjectManager.LibraryCopy=1
PA7.Signal=SPI1_MOSI
