#MicroXplorer Configuration settings - do not modify
Mcu.Family=STM32F4
ProjectManager.MainLocation=Src
VP_TIM5_VS_ClockSourceINT.Mode=Internal
PA6.Mode=Full_Duplex_Master
SPI2.VirtualNSS=VM_NSSHARD
RCC.CortexFreq_Value=60000000
ProjectManager.KeepUserCode=true
Mcu.UserName=STM32F401CEUx
SPI1.VirtualType=VM_MASTER
SPI2.VirtualType=VM_MASTER
VP_ADC1_TempSens_Input.Mode=IN-TempSens
VP_TIM5_VS_ClockSourceINT.Signal=TIM5_VS_ClockSourceINT
SH.ADCx_IN2.0=ADC1_IN2,IN2
RCC.PLLCLKFreq_Value=60000000
RCC.PLLQCLKFreq_Value=48000000
ProjectManager.functionlistsort=
SH.S_TIM5_CH2.0=TIM5_CH2,PWM Generation2 CH2
PA11.Mode=Device_Only
RCC.RTCFreq_Value=32000
PB13.Signal=SPI2_SCK
PB15.Signal=SPI2_MOSI
PinOutPanel.RotationAngle=0
RCC.SYSCLKSource=RCC_SYSCLKSOURCE_PLLCLK
ProjectManager.StackSize=0x400
VP_FREERTOS_VS_CMSIS_V2.Mode=CMSIS_V2
Mcu.IP4=NVIC
Mcu.IP5=RCC
RCC.FCLKCortexFreq_Value=60000000
Mcu.IP2=I2C1
NVIC.SVCall_IRQn=true\:0\:0\:false\:false\:false\:false\:false\:false
Mcu.IP3=I2C3
Mcu.IP0=ADC1
Mcu.IP1=FREERTOS
PA12.Signal=USB_OTG_FS_DP
Mcu.UserConstants=
PH0\ -\ OSC_IN.Signal=RCC_OSC_IN
PA4.Mode=NSS_Signal_Hard_Output
Mcu.ThirdPartyNb=0
SPI1.Direction=SPI_DIRECTION_2LINES
RCC.HCLKFreq_Value=60000000
SH.ADCx_IN3.0=ADC1_IN3,IN3
Mcu.IPNb=12
RCC.I2SClocksFreq_Value=160000000
TIM2.IPParameters=Channel-PWM Generation3 CH3
ProjectManager.PreviousToolchain=
RCC.APB2TimFreq_Value=60000000
RCC.VcooutputI2S=160000000
SH.ADCx_IN3.ConfNb=1
Mcu.Pin6=PA4
Mcu.Pin7=PA5
VP_TIM2_VS_ClockSourceINT.Signal=TIM2_VS_ClockSourceINT
Mcu.Pin8=PA6
Mcu.Pin9=PA7
FREERTOS.IPParameters=Tasks01,FootprintOK
RCC.AHBFreq_Value=60000000
PB13.Locked=true
Mcu.Pin0=PH0 - OSC_IN
Mcu.Pin1=PH1 - OSC_OUT
GPIO.groupedBy=
Mcu.Pin2=PA0-WKUP
Mcu.Pin3=PA1
Mcu.Pin4=PA2
Mcu.Pin5=PA3
ADC1.Channel-0\#ChannelRegularConversion=ADC_CHANNEL_TEMPSENSOR
ProjectManager.ProjectBuild=false
NVIC.TIM1_TRG_COM_TIM11_IRQn=true\:0\:0\:false\:false\:true\:false\:false\:true
RCC.HSE_VALUE=25000000
NVIC.UsageFault_IRQn=true\:0\:0\:false\:false\:true\:false\:false\:false
NVIC.DebugMonitor_IRQn=true\:0\:0\:false\:false\:true\:false\:false\:false
PB2.Signal=GPIO_Output
Mcu.IP10=TIM5
NVIC.SysTick_IRQn=true\:15\:0\:false\:false\:false\:true\:false\:false
Mcu.IP11=USB_OTG_FS
ProjectManager.FirmwarePackage=STM32Cube FW_F4 V1.25.0
VP_ADC1_Vref_Input.Mode=IN-Vrefint
MxDb.Version=DB.5.0.60
PB4.Mode=I2C
ProjectManager.BackupPrevious=false
RCC.VCOInputFreq_Value=1666666.6666666667
PA14.Mode=Serial_Wire
PB14.Mode=Full_Duplex_Master
File.Version=6
PB7.Signal=GPIO_Input
PA8.Signal=I2C3_SCL
SPI1.VirtualNSS=VM_NSSHARD
NVIC.PendSV_IRQn=true\:15\:0\:false\:false\:false\:true\:false\:false
SH.S_TIM5_CH2.ConfNb=1
ProjectManager.HalAssertFull=false
PB0.Locked=true
ADC1.SamplingTime-0\#ChannelRegularConversion=ADC_SAMPLETIME_3CYCLES
ProjectManager.ProjectName=stm32cube
Mcu.Package=UFQFPN48
PB9.Signal=I2C1_SDA
PA6.Signal=SPI1_MISO
PB1.Signal=GPIO_Output
PB12.Mode=NSS_Signal_Hard_Output
NVIC.TimeBase=TIM1_TRG_COM_TIM11_IRQn
SPI2.Mode=SPI_MODE_MASTER
ProjectManager.ToolChainLocation=
RCC.LSI_VALUE=32000
NVIC.TimeBaseIP=TIM11
PA10.Signal=GPIO_Output
FREERTOS.FootprintOK=true
USB_OTG_FS.VirtualMode=Device_Only
RCC.APB1TimFreq_Value=60000000
NVIC.BusFault_IRQn=true\:0\:0\:false\:false\:true\:false\:false\:false
SPI2.Direction=SPI_DIRECTION_2LINES
USB_OTG_FS.IPParameters=VirtualMode
PB13.Mode=Full_Duplex_Master
ProjectManager.CustomerFirmwarePackage=
PB4.Signal=I2C3_SDA
PA3.Signal=ADCx_IN3
PA5.Mode=Full_Duplex_Master
ProjectManager.ProjectFileName=stm32cube.ioc
FREERTOS.Tasks01=defaultTask,24,128,StartDefaultTask,Default,NULL,Dynamic,NULL,NULL
ADC1.Rank-0\#ChannelRegularConversion=1
PA7.Mode=Full_Duplex_Master
TIM5.IPParameters=Channel-PWM Generation2 CH2
Mcu.PinsNb=36
ProjectManager.NoMain=false
SPI1.IPParameters=VirtualType,Mode,Direction,VirtualNSS
ADC1.IPParameters=Rank-0\#ChannelRegularConversion,master,Channel-0\#ChannelRegularConversion,SamplingTime-0\#ChannelRegularConversion,NbrOfConversionFlag
PH1\ -\ OSC_OUT.Mode=HSE-External-Clock-Source
ProjectManager.DefaultFWLocation=true
ProjectManager.DeletePrevious=true
RCC.APB1CLKDivider=RCC_HCLK_DIV2
PA0-WKUP.Signal=GPIO_Output
PA0-WKUP.Locked=true
PA13.Signal=SYS_JTMS-SWDIO
PH0\ -\ OSC_IN.Mode=HSE-External-Clock-Source
ProjectManager.TargetToolchain=EWARM V8.32
PB9.Mode=I2C
PA9.Signal=GPIO_Input
PB5.Locked=true
SPI2.IPParameters=VirtualType,Mode,Direction,VirtualNSS
RCC.LSE_VALUE=32768
PA1.Signal=S_TIM5_CH2
PB1.Locked=true
PB10.Signal=S_TIM2_CH3
RCC.VCOI2SOutputFreq_Value=320000000
PB14.Signal=SPI2_MISO
PA5.Signal=SPI1_SCK
PH1\ -\ OSC_OUT.Signal=RCC_OSC_OUT
board=custom
RCC.VCOOutputFreq_Value=240000000
ProjectManager.LastFirmware=true
PB15.Mode=Full_Duplex_Master
VP_SYS_VS_tim11.Signal=SYS_VS_tim11
RCC.APB2Freq_Value=60000000
MxCube.Version=5.6.0
VP_TIM2_VS_ClockSourceINT.Mode=Internal
Mcu.Pin35=VP_TIM5_VS_ClockSourceINT
SH.S_TIM2_CH3.0=TIM2_CH3,PWM Generation3 CH3
SPI1.Mode=SPI_MODE_MASTER
SH.ADCx_IN2.ConfNb=1
VP_ADC1_TempSens_Input.Signal=ADC1_TempSens_Input
Mcu.Pin30=VP_ADC1_TempSens_Input
TIM2.Channel-PWM\ Generation3\ CH3=TIM_CHANNEL_3
VP_ADC1_Vref_Input.Signal=ADC1_Vref_Input
Mcu.Pin33=VP_SYS_VS_tim11
Mcu.Pin34=VP_TIM2_VS_ClockSourceINT
Mcu.Pin31=VP_ADC1_Vref_Input
Mcu.Pin32=VP_FREERTOS_VS_CMSIS_V2
PA9.Locked=true
NVIC.NonMaskableInt_IRQn=true\:0\:0\:false\:false\:true\:false\:false\:false
SH.S_TIM2_CH3.ConfNb=1
PA13.Mode=Serial_Wire
ProjectManager.FreePins=false
RCC.IPParameters=48MHZClocksFreq_Value,AHBFreq_Value,APB1CLKDivider,APB1Freq_Value,APB1TimFreq_Value,APB2Freq_Value,APB2TimFreq_Value,CortexFreq_Value,FCLKCortexFreq_Value,HCLKFreq_Value,HSE_VALUE,HSI_VALUE,I2SClocksFreq_Value,LSE_VALUE,LSI_VALUE,PLLCLKFreq_Value,PLLM,PLLN,PLLP,PLLQ,PLLQCLKFreq_Value,RTCFreq_Value,RTCHSEDivFreq_Value,SYSCLKFreq_VALUE,SYSCLKSource,VCOI2SOutputFreq_Value,VCOInputFreq_Value,VCOOutputFreq_Value,VcooutputI2S
ProjectManager.AskForMigrate=true
Mcu.Name=STM32F401C(D-E)Ux
VP_SYS_VS_tim11.Mode=TIM11
Mcu.Pin26=PB5
Mcu.Pin27=PB7
RCC.RTCHSEDivFreq_Value=12500000
PA2.Signal=ADCx_IN2
Mcu.Pin24=PA14
ProjectManager.UnderRoot=false
Mcu.Pin25=PB4
PB2.Locked=true
Mcu.IP8=SYS
VP_FREERTOS_VS_CMSIS_V2.Signal=FREERTOS_VS_CMSIS_V2
Mcu.IP9=TIM2
Mcu.Pin28=PB8
Mcu.IP6=SPI1
Mcu.Pin29=PB9
Mcu.IP7=SPI2
ProjectManager.CoupleFile=false
RCC.48MHZClocksFreq_Value=48000000
TIM5.Channel-PWM\ Generation2\ CH2=TIM_CHANNEL_2
PA4.Signal=SPI1_NSS
RCC.SYSCLKFreq_VALUE=60000000
PB5.Signal=GPIO_Input
Mcu.Pin22=PA12
Mcu.Pin23=PA13
Mcu.Pin20=PA10
ADC1.master=1
Mcu.Pin21=PA11
PA12.Mode=Device_Only
PA10.Locked=true
NVIC.ForceEnableDMAVector=true
KeepUserPlacement=false
NVIC.MemoryManagement_IRQn=true\:0\:0\:false\:false\:true\:false\:false\:false
ProjectManager.CompilerOptimize=6
PA11.Signal=USB_OTG_FS_DM
PA14.Signal=SYS_JTCK-SWCLK
ProjectManager.HeapSize=0x200
Mcu.Pin15=PB13
NVIC.HardFault_IRQn=true\:0\:0\:false\:false\:true\:false\:false\:false
Mcu.Pin16=PB14
Mcu.Pin13=PB10
Mcu.Pin14=PB12
Mcu.Pin19=PA9
ProjectManager.ComputerToolchain=false
Mcu.Pin17=PB15
RCC.HSI_VALUE=16000000
Mcu.Pin18=PA8
RCC.PLLP=RCC_PLLP_DIV4
RCC.PLLQ=5
NVIC.PriorityGroup=NVIC_PRIORITYGROUP_4
ADC1.NbrOfConversionFlag=1
Mcu.Pin11=PB1
Mcu.Pin12=PB2
RCC.PLLM=15
PB8.Mode=I2C
RCC.PLLN=144
Mcu.Pin10=PB0
PB7.Locked=true
PB8.Signal=I2C1_SCL
PA8.Mode=I2C
RCC.APB1Freq_Value=30000000
PB0.Signal=GPIO_Output
ProjectManager.DeviceId=STM32F401CEUx
PB12.Signal=SPI2_NSS
ProjectManager.LibraryCopy=0
PA7.Signal=SPI1_MOSI
